// !$*UTF8*$!
{
	archiveVersion = 1;
	classes = {
	};
	objectVersion = 46;
	objects = {

/* Begin PBXBuildFile section */
		9010009A1C77A48400037B53 /* AppDelegate.swift in Sources */ = {isa = PBXBuildFile; fileRef = 901000991C77A48400037B53 /* AppDelegate.swift */; };
		9010009F1C77A48400037B53 /* Main.storyboard in Resources */ = {isa = PBXBuildFile; fileRef = 9010009D1C77A48400037B53 /* Main.storyboard */; };
		901000A11C77A48400037B53 /* Assets.xcassets in Resources */ = {isa = PBXBuildFile; fileRef = 901000A01C77A48400037B53 /* Assets.xcassets */; };
		901000A41C77A48400037B53 /* LaunchScreen.storyboard in Resources */ = {isa = PBXBuildFile; fileRef = 901000A21C77A48400037B53 /* LaunchScreen.storyboard */; };
/* End PBXBuildFile section */

/* Begin PBXFileReference section */
		901000961C77A48400037B53 /* CellarMyNarwhals.app */ = {isa = PBXFileReference; explicitFileType = wrapper.application; includeInIndex = 0; path = CellarMyNarwhals.app; sourceTree = BUILT_PRODUCTS_DIR; };
		901000991C77A48400037B53 /* AppDelegate.swift */ = {isa = PBXFileReference; lastKnownFileType = sourcecode.swift; path = AppDelegate.swift; sourceTree = "<group>"; };
		9010009E1C77A48400037B53 /* Base */ = {isa = PBXFileReference; lastKnownFileType = file.storyboard; name = Base; path = Base.lproj/Main.storyboard; sourceTree = "<group>"; };
		901000A01C77A48400037B53 /* Assets.xcassets */ = {isa = PBXFileReference; lastKnownFileType = folder.assetcatalog; path = Assets.xcassets; sourceTree = "<group>"; };
		901000A31C77A48400037B53 /* Base */ = {isa = PBXFileReference; lastKnownFileType = file.storyboard; name = Base; path = Base.lproj/LaunchScreen.storyboard; sourceTree = "<group>"; };
		901000A51C77A48400037B53 /* Info.plist */ = {isa = PBXFileReference; lastKnownFileType = text.plist.xml; path = Info.plist; sourceTree = "<group>"; };
/* End PBXFileReference section */

/* Begin PBXFrameworksBuildPhase section */
		901000931C77A48400037B53 /* Frameworks */ = {
			isa = PBXFrameworksBuildPhase;
			buildActionMask = 2147483647;
			files = (
			);
			runOnlyForDeploymentPostprocessing = 0;
		};
/* End PBXFrameworksBuildPhase section */

/* Begin PBXGroup section */
		9010008D1C77A48400037B53 = {
			isa = PBXGroup;
			children = (
				901000981C77A48400037B53 /* CellarMyNarwhals */,
				901000971C77A48400037B53 /* Products */,
			);
			sourceTree = "<group>";
		};
		901000971C77A48400037B53 /* Products */ = {
			isa = PBXGroup;
			children = (
				901000961C77A48400037B53 /* CellarMyNarwhals.app */,
			);
			name = Products;
			sourceTree = "<group>";
		};
		901000981C77A48400037B53 /* CellarMyNarwhals */ = {
			isa = PBXGroup;
			children = (
				901000AD1C77A4C800037B53 /* App */,
				901000AC1C77A4C400037B53 /* View */,
				901000AB1C77A4BA00037B53 /* Supporting Files */,
			);
			path = CellarMyNarwhals;
			sourceTree = "<group>";
		};
		901000AB1C77A4BA00037B53 /* Supporting Files */ = {
			isa = PBXGroup;
			children = (
				901000A01C77A48400037B53 /* Assets.xcassets */,
				901000A51C77A48400037B53 /* Info.plist */,
			);
			name = "Supporting Files";
			sourceTree = "<group>";
		};
		901000AC1C77A4C400037B53 /* View */ = {
			isa = PBXGroup;
			children = (
				9010009D1C77A48400037B53 /* Main.storyboard */,
				901000A21C77A48400037B53 /* LaunchScreen.storyboard */,
			);
			name = View;
			sourceTree = "<group>";
		};
		901000AD1C77A4C800037B53 /* App */ = {
			isa = PBXGroup;
			children = (
				901000991C77A48400037B53 /* AppDelegate.swift */,
			);
			name = App;
			sourceTree = "<group>";
		};
/* End PBXGroup section */

/* Begin PBXNativeTarget section */
		901000951C77A48400037B53 /* CellarMyNarwhals */ = {
			isa = PBXNativeTarget;
			buildConfigurationList = 901000A81C77A48400037B53 /* Build configuration list for PBXNativeTarget "CellarMyNarwhals" */;
			buildPhases = (
				901000921C77A48400037B53 /* Sources */,
				901000931C77A48400037B53 /* Frameworks */,
				901000941C77A48400037B53 /* Resources */,
			);
			buildRules = (
			);
			dependencies = (
			);
			name = CellarMyNarwhals;
			productName = CellarMyNarwhals;
			productReference = 901000961C77A48400037B53 /* CellarMyNarwhals.app */;
			productType = "com.apple.product-type.application";
		};
/* End PBXNativeTarget section */

/* Begin PBXProject section */
		9010008E1C77A48400037B53 /* Project object */ = {
			isa = PBXProject;
			attributes = {
				LastSwiftUpdateCheck = 0720;
				LastUpgradeCheck = 0720;
				ORGANIZATIONNAME = creeperspeak;
				TargetAttributes = {
					901000951C77A48400037B53 = {
						CreatedOnToolsVersion = 7.2.1;
					};
				};
			};
			buildConfigurationList = 901000911C77A48400037B53 /* Build configuration list for PBXProject "CellarMyNarwhals" */;
			compatibilityVersion = "Xcode 3.2";
			developmentRegion = English;
			hasScannedForEncodings = 0;
			knownRegions = (
				en,
				Base,
			);
			mainGroup = 9010008D1C77A48400037B53;
			productRefGroup = 901000971C77A48400037B53 /* Products */;
			projectDirPath = "";
			projectRoot = "";
			targets = (
				901000951C77A48400037B53 /* CellarMyNarwhals */,
			);
		};
/* End PBXProject section */

/* Begin PBXResourcesBuildPhase section */
		901000941C77A48400037B53 /* Resources */ = {
			isa = PBXResourcesBuildPhase;
			buildActionMask = 2147483647;
			files = (
				901000A41C77A48400037B53 /* LaunchScreen.storyboard in Resources */,
				901000A11C77A48400037B53 /* Assets.xcassets in Resources */,
				9010009F1C77A48400037B53 /* Main.storyboard in Resources */,
			);
			runOnlyForDeploymentPostprocessing = 0;
		};
/* End PBXResourcesBuildPhase section */

/* Begin PBXSourcesBuildPhase section */
		901000921C77A48400037B53 /* Sources */ = {
			isa = PBXSourcesBuildPhase;
			buildActionMask = 2147483647;
			files = (
				9010009A1C77A48400037B53 /* AppDelegate.swift in Sources */,
			);
			runOnlyForDeploymentPostprocessing = 0;
		};
/* End PBXSourcesBuildPhase section */

/* Begin PBXVariantGroup section */
		9010009D1C77A48400037B53 /* Main.storyboard */ = {
			isa = PBXVariantGroup;
			children = (
				9010009E1C77A48400037B53 /* Base */,
			);
			name = Main.storyboard;
			sourceTree = "<group>";
		};
		901000A21C77A48400037B53 /* LaunchScreen.storyboard */ = {
			isa = PBXVariantGroup;
			children = (
				901000A31C77A48400037B53 /* Base */,
			);
			name = LaunchScreen.storyboard;
			sourceTree = "<group>";
		};
/* End PBXVariantGroup section */

/* Begin XCBuildConfiguration section */
		901000A61C77A48400037B53 /* Debug */ = {
			isa = XCBuildConfiguration;
			buildSettings = {
				ALWAYS_SEARCH_USER_PATHS = NO;
				CLANG_CXX_LANGUAGE_STANDARD = "gnu++0x";
				CLANG_CXX_LIBRARY = "libc++";
				CLANG_ENABLE_MODULES = YES;
				CLANG_ENABLE_OBJC_ARC = YES;
				CLANG_WARN_BOOL_CONVERSION = YES;
				CLANG_WARN_CONSTANT_CONVERSION = YES;
				CLANG_WARN_DIRECT_OBJC_ISA_USAGE = YES_ERROR;
				CLANG_WARN_EMPTY_BODY = YES;
				CLANG_WARN_ENUM_CONVERSION = YES;
				CLANG_WARN_INT_CONVERSION = YES;
				CLANG_WARN_OBJC_ROOT_CLASS = YES_ERROR;
				CLANG_WARN_UNREACHABLE_CODE = YES;
				CLANG_WARN__DUPLICATE_METHOD_MATCH = YES;
				"CODE_SIGN_IDENTITY[sdk=iphoneos*]" = "iPhone Developer";
				COPY_PHASE_STRIP = NO;
				DEBUG_INFORMATION_FORMAT = dwarf;
				ENABLE_STRICT_OBJC_MSGSEND = YES;
				ENABLE_TESTABILITY = YES;
				GCC_C_LANGUAGE_STANDARD = gnu99;
				GCC_DYNAMIC_NO_PIC = NO;
				GCC_NO_COMMON_BLOCKS = YES;
				GCC_OPTIMIZATION_LEVEL = 0;
				GCC_PREPROCESSOR_DEFINITIONS = (
					"DEBUG=1",
					"$(inherited)",
				);
				GCC_WARN_64_TO_32_BIT_CONVERSION = YES;
				GCC_WARN_ABOUT_RETURN_TYPE = YES_ERROR;
				GCC_WARN_UNDECLARED_SELECTOR = YES;
				GCC_WARN_UNINITIALIZED_AUTOS = YES_AGGRESSIVE;
				GCC_WARN_UNUSED_FUNCTION = YES;
				GCC_WARN_UNUSED_VARIABLE = YES;
				IPHONEOS_DEPLOYMENT_TARGET = 9.2;
				MTL_ENABLE_DEBUG_INFO = YES;
				ONLY_ACTIVE_ARCH = YES;
				SDKROOT = iphoneos;
				SWIFT_OPTIMIZATION_LEVEL = "-Onone";
				TARGETED_DEVICE_FAMILY = "1,2";
			};
			name = Debug;
		};
		901000A71C77A48400037B53 /* Release */ = {
			isa = XCBuildConfiguration;
			buildSettings = {
				ALWAYS_SEARCH_USER_PATHS = NO;
				CLANG_CXX_LANGUAGE_STANDARD = "gnu++0x";
				CLANG_CXX_LIBRARY = "libc++";
				CLANG_ENABLE_MODULES = YES;
				CLANG_ENABLE_OBJC_ARC = YES;
				CLANG_WARN_BOOL_CONVERSION = YES;
				CLANG_WARN_CONSTANT_CONVERSION = YES;
				CLANG_WARN_DIRECT_OBJC_ISA_USAGE = YES_ERROR;
				CLANG_WARN_EMPTY_BODY = YES;
				CLANG_WARN_ENUM_CONVERSION = YES;
				CLANG_WARN_INT_CONVERSION = YES;
				CLANG_WARN_OBJC_ROOT_CLASS = YES_ERROR;
				CLANG_WARN_UNREACHABLE_CODE = YES;
				CLANG_WARN__DUPLICATE_METHOD_MATCH = YES;
				"CODE_SIGN_IDENTITY[sdk=iphoneos*]" = "iPhone Developer";
				COPY_PHASE_STRIP = NO;
				DEBUG_INFORMATION_FORMAT = "dwarf-with-dsym";
				ENABLE_NS_ASSERTIONS = NO;
				ENABLE_STRICT_OBJC_MSGSEND = YES;
				GCC_C_LANGUAGE_STANDARD = gnu99;
				GCC_NO_COMMON_BLOCKS = YES;
				GCC_WARN_64_TO_32_BIT_CONVERSION = YES;
				GCC_WARN_ABOUT_RETURN_TYPE = YES_ERROR;
				GCC_WARN_UNDECLARED_SELECTOR = YES;
				GCC_WARN_UNINITIALIZED_AUTOS = YES_AGGRESSIVE;
				GCC_WARN_UNUSED_FUNCTION = YES;
				GCC_WARN_UNUSED_VARIABLE = YES;
				IPHONEOS_DEPLOYMENT_TARGET = 9.2;
				MTL_ENABLE_DEBUG_INFO = NO;
				SDKROOT = iphoneos;
				TARGETED_DEVICE_FAMILY = "1,2";
				VALIDATE_PRODUCT = YES;
			};
			name = Release;
		};
		901000A91C77A48400037B53 /* Debug */ = {
			isa = XCBuildConfiguration;
			buildSettings = {
				ASSETCATALOG_COMPILER_APPICON_NAME = AppIcon;
				INFOPLIST_FILE = CellarMyNarwhals/Info.plist;
				IPHONEOS_DEPLOYMENT_TARGET = 8.0;
				LD_RUNPATH_SEARCH_PATHS = "$(inherited) @executable_path/Frameworks";
				PRODUCT_BUNDLE_IDENTIFIER = com.creeperspeak.CellarMyNarwhals;
				PRODUCT_NAME = "$(TARGET_NAME)";
			};
			name = Debug;
		};
		901000AA1C77A48400037B53 /* Release */ = {
			isa = XCBuildConfiguration;
			buildSettings = {
				ASSETCATALOG_COMPILER_APPICON_NAME = AppIcon;
				INFOPLIST_FILE = CellarMyNarwhals/Info.plist;
				IPHONEOS_DEPLOYMENT_TARGET = 8.0;
				LD_RUNPATH_SEARCH_PATHS = "$(inherited) @executable_path/Frameworks";
				PRODUCT_BUNDLE_IDENTIFIER = com.creeperspeak.CellarMyNarwhals;
				PRODUCT_NAME = "$(TARGET_NAME)";
			};
			name = Release;
		};
/* End XCBuildConfiguration section */

/* Begin XCConfigurationList section */
		901000911C77A48400037B53 /* Build configuration list for PBXProject "CellarMyNarwhals" */ = {
			isa = XCConfigurationList;
			buildConfigurations = (
				901000A61C77A48400037B53 /* Debug */,
				901000A71C77A48400037B53 /* Release */,
			);
			defaultConfigurationIsVisible = 0;
			defaultConfigurationName = Release;
		};
		901000A81C77A48400037B53 /* Build configuration list for PBXNativeTarget "CellarMyNarwhals" */ = {
			isa = XCConfigurationList;
			buildConfigurations = (
				901000A91C77A48400037B53 /* Debug */,
				901000AA1C77A48400037B53 /* Release */,
			);
			defaultConfigurationIsVisible = 0;
		};
/* End XCConfigurationList section */
	};
	rootObject = 9010008E1C77A48400037B53 /* Project object */;
}
